{
  "requires": true,
  "lockfileVersion": 1,
  "dependencies": {
    "big.js": {
      "version": "6.2.1",
      "resolved": "https://registry.npmjs.org/big.js/-/big.js-6.2.1.tgz",
      "integrity": "sha512-bCtHMwL9LeDIozFn+oNhhFoq+yQ3BNdnsLSASUxLciOb1vgvpHsIO1dsENiGMgbb4SkP5TrzWzRiLddn8ahVOQ=="
    },
    "kosher-zmanim": {
      "version": "0.8.2",
      "resolved": "https://registry.npmjs.org/kosher-zmanim/-/kosher-zmanim-0.8.2.tgz",
      "integrity": "sha512-pcucWJ1uQ0xwR1vqcvkbnKthlcY1M0XQsPhXJczse3ne+O3cRSP6HlEVXV4tu+ViPq5EBOhSaLocHgGXtgCmoQ==",
      "requires": {
        "big.js": "^6.0.2",
        "luxon": "^1.22.0"
      }
    },
    "luxon": {
      "version": "1.28.1",
      "resolved": "https://registry.npmjs.org/luxon/-/luxon-1.28.1.tgz",
      "integrity": "sha512-gYHAa180mKrNIUJCbwpmD0aTu9kV0dREDrwNnuyFAsO1Wt0EVYSZelPnJlbj9HplzXX/YWXHFTL45kvZ53M0pw=="
    }
  }
}
